
Microsoft Visual Studio Solution File, Format Version 12.00
# Visual Studio 15
VisualStudioVersion = 15.0.27703.2026
MinimumVisualStudioVersion = 10.0.40219.1
Project("{FAE04EC0-301F-11D3-BF4B-00C04F79EFBC}") = "SignalRHub", "SignalRHub\SignalRHub.csproj", "{E4C99AF0-93A1-471B-BF62-45E1D7E370EF}"
EndProject
Project("{FAE04EC0-301F-11D3-BF4B-00C04F79EFBC}") = "ClientWPF", "ClientWPF\ClientWPF.csproj", "{4F97D953-1C56-4C46-A71D-3D586D97240B}"
EndProject
Project("{FAE04EC0-301F-11D3-BF4B-00C04F79EFBC}") = "ClientXamarin.Android", "ClientXamarin\Android\ClientXamarin.Android.csproj", "{0DB87297-0D05-4E89-BB70-323F753EEB8E}"
EndProject
Project("{FAE04EC0-301F-11D3-BF4B-00C04F79EFBC}") = "ClientXamarin.UWP", "ClientXamarin\UWP\ClientXamarin.UWP.csproj", "{8E48D9AA-DF0C-4B11-946B-1AB12471AB11}"
EndProject
Project("{FAE04EC0-301F-11D3-BF4B-00C04F79EFBC}") = "ClientXamarin.Portable", "ClientXamarin\Portable\ClientXamarin.Portable.csproj", "{8CBB691F-7078-4420-94D6-D739F95E01AA}"
EndProject
Project("{FAE04EC0-301F-11D3-BF4B-00C04F79EFBC}") = "ClientXamarin.iOS", "ClientXamarin\iOS\ClientXamarin.iOS.csproj", "{9FF98CBC-7C4B-4F79-805E-84889D3DFAFA}"
EndProject
Global
	GlobalSection(SolutionConfigurationPlatforms) = preSolution
		Ad-Hoc|Any CPU = Ad-Hoc|Any CPU
		Ad-Hoc|ARM = Ad-Hoc|ARM
		Ad-Hoc|iPhone = Ad-Hoc|iPhone
		Ad-Hoc|iPhoneSimulator = Ad-Hoc|iPhoneSimulator
		Ad-Hoc|x64 = Ad-Hoc|x64
		Ad-Hoc|x86 = Ad-Hoc|x86
		AppStore|Any CPU = AppStore|Any CPU
		AppStore|ARM = AppStore|ARM
		AppStore|iPhone = AppStore|iPhone
		AppStore|iPhoneSimulator = AppStore|iPhoneSimulator
		AppStore|x64 = AppStore|x64
		AppStore|x86 = AppStore|x86
		Debug|Any CPU = Debug|Any CPU
		Debug|ARM = Debug|ARM
		Debug|iPhone = Debug|iPhone
		Debug|iPhoneSimulator = Debug|iPhoneSimulator
		Debug|x64 = Debug|x64
		Debug|x86 = Debug|x86
		Release|Any CPU = Release|Any CPU
		Release|ARM = Release|ARM
		Release|iPhone = Release|iPhone
		Release|iPhoneSimulator = Release|iPhoneSimulator
		Release|x64 = Release|x64
		Release|x86 = Release|x86
	EndGlobalSection
	GlobalSection(ProjectConfigurationPlatforms) = postSolution
		{E4C99AF0-93A1-471B-BF62-45E1D7E370EF}.Ad-Hoc|Any CPU.ActiveCfg = Release|Any CPU
		{E4C99AF0-93A1-471B-BF62-45E1D7E370EF}.Ad-Hoc|Any CPU.Build.0 = Release|Any CPU
		{E4C99AF0-93A1-471B-BF62-45E1D7E370EF}.Ad-Hoc|ARM.ActiveCfg = Release|Any CPU
		{E4C99AF0-93A1-471B-BF62-45E1D7E370EF}.Ad-Hoc|ARM.Build.0 = Release|Any CPU
		{E4C99AF0-93A1-471B-BF62-45E1D7E370EF}.Ad-Hoc|iPhone.ActiveCfg = Release|Any CPU
		{E4C99AF0-93A1-471B-BF62-45E1D7E370EF}.Ad-Hoc|iPhone.Build.0 = Release|Any CPU
		{E4C99AF0-93A1-471B-BF62-45E1D7E370EF}.Ad-Hoc|iPhoneSimulator.ActiveCfg = Release|Any CPU
		{E4C99AF0-93A1-471B-BF62-45E1D7E370EF}.Ad-Hoc|iPhoneSimulator.Build.0 = Release|Any CPU
		{E4C99AF0-93A1-471B-BF62-45E1D7E370EF}.Ad-Hoc|x64.ActiveCfg = Release|Any CPU
		{E4C99AF0-93A1-471B-BF62-45E1D7E370EF}.Ad-Hoc|x64.Build.0 = Release|Any CPU
		{E4C99AF0-93A1-471B-BF62-45E1D7E370EF}.Ad-Hoc|x86.ActiveCfg = Release|Any CPU
		{E4C99AF0-93A1-471B-BF62-45E1D7E370EF}.Ad-Hoc|x86.Build.0 = Release|Any CPU
		{E4C99AF0-93A1-471B-BF62-45E1D7E370EF}.AppStore|Any CPU.ActiveCfg = Release|Any CPU
		{E4C99AF0-93A1-471B-BF62-45E1D7E370EF}.AppStore|Any CPU.Build.0 = Release|Any CPU
		{E4C99AF0-93A1-471B-BF62-45E1D7E370EF}.AppStore|ARM.ActiveCfg = Release|Any CPU
		{E4C99AF0-93A1-471B-BF62-45E1D7E370EF}.AppStore|ARM.Build.0 = Release|Any CPU
		{E4C99AF0-93A1-471B-BF62-45E1D7E370EF}.AppStore|iPhone.ActiveCfg = Release|Any CPU
		{E4C99AF0-93A1-471B-BF62-45E1D7E370EF}.AppStore|iPhone.Build.0 = Release|Any CPU
		{E4C99AF0-93A1-471B-BF62-45E1D7E370EF}.AppStore|iPhoneSimulator.ActiveCfg = Release|Any CPU
		{E4C99AF0-93A1-471B-BF62-45E1D7E370EF}.AppStore|iPhoneSimulator.Build.0 = Release|Any CPU
		{E4C99AF0-93A1-471B-BF62-45E1D7E370EF}.AppStore|x64.ActiveCfg = Release|Any CPU
		{E4C99AF0-93A1-471B-BF62-45E1D7E370EF}.AppStore|x64.Build.0 = Release|Any CPU
		{E4C99AF0-93A1-471B-BF62-45E1D7E370EF}.AppStore|x86.ActiveCfg = Release|Any CPU
		{E4C99AF0-93A1-471B-BF62-45E1D7E370EF}.AppStore|x86.Build.0 = Release|Any CPU
		{E4C99AF0-93A1-471B-BF62-45E1D7E370EF}.Debug|Any CPU.ActiveCfg = Debug|Any CPU
		{E4C99AF0-93A1-471B-BF62-45E1D7E370EF}.Debug|Any CPU.Build.0 = Debug|Any CPU
		{E4C99AF0-93A1-471B-BF62-45E1D7E370EF}.Debug|ARM.ActiveCfg = Debug|Any CPU
		{E4C99AF0-93A1-471B-BF62-45E1D7E370EF}.Debug|ARM.Build.0 = Debug|Any CPU
		{E4C99AF0-93A1-471B-BF62-45E1D7E370EF}.Debug|iPhone.ActiveCfg = Debug|Any CPU
		{E4C99AF0-93A1-471B-BF62-45E1D7E370EF}.Debug|iPhone.Build.0 = Debug|Any CPU
		{E4C99AF0-93A1-471B-BF62-45E1D7E370EF}.Debug|iPhoneSimulator.ActiveCfg = Debug|Any CPU
		{E4C99AF0-93A1-471B-BF62-45E1D7E370EF}.Debug|iPhoneSimulator.Build.0 = Debug|Any CPU
		{E4C99AF0-93A1-471B-BF62-45E1D7E370EF}.Debug|x64.ActiveCfg = Debug|Any CPU
		{E4C99AF0-93A1-471B-BF62-45E1D7E370EF}.Debug|x64.Build.0 = Debug|Any CPU
		{E4C99AF0-93A1-471B-BF62-45E1D7E370EF}.Debug|x86.ActiveCfg = Debug|Any CPU
		{E4C99AF0-93A1-471B-BF62-45E1D7E370EF}.Debug|x86.Build.0 = Debug|Any CPU
		{E4C99AF0-93A1-471B-BF62-45E1D7E370EF}.Release|Any CPU.ActiveCfg = Release|Any CPU
		{E4C99AF0-93A1-471B-BF62-45E1D7E370EF}.Release|Any CPU.Build.0 = Release|Any CPU
		{E4C99AF0-93A1-471B-BF62-45E1D7E370EF}.Release|ARM.ActiveCfg = Release|Any CPU
		{E4C99AF0-93A1-471B-BF62-45E1D7E370EF}.Release|ARM.Build.0 = Release|Any CPU
		{E4C99AF0-93A1-471B-BF62-45E1D7E370EF}.Release|iPhone.ActiveCfg = Release|Any CPU
		{E4C99AF0-93A1-471B-BF62-45E1D7E370EF}.Release|iPhone.Build.0 = Release|Any CPU
		{E4C99AF0-93A1-471B-BF62-45E1D7E370EF}.Release|iPhoneSimulator.ActiveCfg = Release|Any CPU
		{E4C99AF0-93A1-471B-BF62-45E1D7E370EF}.Release|iPhoneSimulator.Build.0 = Release|Any CPU
		{E4C99AF0-93A1-471B-BF62-45E1D7E370EF}.Release|x64.ActiveCfg = Release|Any CPU
		{E4C99AF0-93A1-471B-BF62-45E1D7E370EF}.Release|x64.Build.0 = Release|Any CPU
		{E4C99AF0-93A1-471B-BF62-45E1D7E370EF}.Release|x86.ActiveCfg = Release|Any CPU
		{E4C99AF0-93A1-471B-BF62-45E1D7E370EF}.Release|x86.Build.0 = Release|Any CPU
		{4F97D953-1C56-4C46-A71D-3D586D97240B}.Ad-Hoc|Any CPU.ActiveCfg = Release|Any CPU
		{4F97D953-1C56-4C46-A71D-3D586D97240B}.Ad-Hoc|Any CPU.Build.0 = Release|Any CPU
		{4F97D953-1C56-4C46-A71D-3D586D97240B}.Ad-Hoc|ARM.ActiveCfg = Release|Any CPU
		{4F97D953-1C56-4C46-A71D-3D586D97240B}.Ad-Hoc|ARM.Build.0 = Release|Any CPU
		{4F97D953-1C56-4C46-A71D-3D586D97240B}.Ad-Hoc|iPhone.ActiveCfg = Release|Any CPU
		{4F97D953-1C56-4C46-A71D-3D586D97240B}.Ad-Hoc|iPhone.Build.0 = Release|Any CPU
		{4F97D953-1C56-4C46-A71D-3D586D97240B}.Ad-Hoc|iPhoneSimulator.ActiveCfg = Release|Any CPU
		{4F97D953-1C56-4C46-A71D-3D586D97240B}.Ad-Hoc|iPhoneSimulator.Build.0 = Release|Any CPU
		{4F97D953-1C56-4C46-A71D-3D586D97240B}.Ad-Hoc|x64.ActiveCfg = Release|Any CPU
		{4F97D953-1C56-4C46-A71D-3D586D97240B}.Ad-Hoc|x64.Build.0 = Release|Any CPU
		{4F97D953-1C56-4C46-A71D-3D586D97240B}.Ad-Hoc|x86.ActiveCfg = Release|Any CPU
		{4F97D953-1C56-4C46-A71D-3D586D97240B}.Ad-Hoc|x86.Build.0 = Release|Any CPU
		{4F97D953-1C56-4C46-A71D-3D586D97240B}.AppStore|Any CPU.ActiveCfg = Release|Any CPU
		{4F97D953-1C56-4C46-A71D-3D586D97240B}.AppStore|Any CPU.Build.0 = Release|Any CPU
		{4F97D953-1C56-4C46-A71D-3D586D97240B}.AppStore|ARM.ActiveCfg = Release|Any CPU
		{4F97D953-1C56-4C46-A71D-3D586D97240B}.AppStore|ARM.Build.0 = Release|Any CPU
		{4F97D953-1C56-4C46-A71D-3D586D97240B}.AppStore|iPhone.ActiveCfg = Release|Any CPU
		{4F97D953-1C56-4C46-A71D-3D586D97240B}.AppStore|iPhone.Build.0 = Release|Any CPU
		{4F97D953-1C56-4C46-A71D-3D586D97240B}.AppStore|iPhoneSimulator.ActiveCfg = Release|Any CPU
		{4F97D953-1C56-4C46-A71D-3D586D97240B}.AppStore|iPhoneSimulator.Build.0 = Release|Any CPU
		{4F97D953-1C56-4C46-A71D-3D586D97240B}.AppStore|x64.ActiveCfg = Release|Any CPU
		{4F97D953-1C56-4C46-A71D-3D586D97240B}.AppStore|x64.Build.0 = Release|Any CPU
		{4F97D953-1C56-4C46-A71D-3D586D97240B}.AppStore|x86.ActiveCfg = Release|Any CPU
		{4F97D953-1C56-4C46-A71D-3D586D97240B}.AppStore|x86.Build.0 = Release|Any CPU
		{4F97D953-1C56-4C46-A71D-3D586D97240B}.Debug|Any CPU.ActiveCfg = Debug|Any CPU
		{4F97D953-1C56-4C46-A71D-3D586D97240B}.Debug|Any CPU.Build.0 = Debug|Any CPU
		{4F97D953-1C56-4C46-A71D-3D586D97240B}.Debug|ARM.ActiveCfg = Debug|Any CPU
		{4F97D953-1C56-4C46-A71D-3D586D97240B}.Debug|ARM.Build.0 = Debug|Any CPU
		{4F97D953-1C56-4C46-A71D-3D586D97240B}.Debug|iPhone.ActiveCfg = Debug|Any CPU
		{4F97D953-1C56-4C46-A71D-3D586D97240B}.Debug|iPhone.Build.0 = Debug|Any CPU
		{4F97D953-1C56-4C46-A71D-3D586D97240B}.Debug|iPhoneSimulator.ActiveCfg = Debug|Any CPU
		{4F97D953-1C56-4C46-A71D-3D586D97240B}.Debug|iPhoneSimulator.Build.0 = Debug|Any CPU
		{4F97D953-1C56-4C46-A71D-3D586D97240B}.Debug|x64.ActiveCfg = Debug|Any CPU
		{4F97D953-1C56-4C46-A71D-3D586D97240B}.Debug|x64.Build.0 = Debug|Any CPU
		{4F97D953-1C56-4C46-A71D-3D586D97240B}.Debug|x86.ActiveCfg = Debug|Any CPU
		{4F97D953-1C56-4C46-A71D-3D586D97240B}.Debug|x86.Build.0 = Debug|Any CPU
		{4F97D953-1C56-4C46-A71D-3D586D97240B}.Release|Any CPU.ActiveCfg = Release|Any CPU
		{4F97D953-1C56-4C46-A71D-3D586D97240B}.Release|Any CPU.Build.0 = Release|Any CPU
		{4F97D953-1C56-4C46-A71D-3D586D97240B}.Release|ARM.ActiveCfg = Release|Any CPU
		{4F97D953-1C56-4C46-A71D-3D586D97240B}.Release|ARM.Build.0 = Release|Any CPU
		{4F97D953-1C56-4C46-A71D-3D586D97240B}.Release|iPhone.ActiveCfg = Release|Any CPU
		{4F97D953-1C56-4C46-A71D-3D586D97240B}.Release|iPhone.Build.0 = Release|Any CPU
		{4F97D953-1C56-4C46-A71D-3D586D97240B}.Release|iPhoneSimulator.ActiveCfg = Release|Any CPU
		{4F97D953-1C56-4C46-A71D-3D586D97240B}.Release|iPhoneSimulator.Build.0 = Release|Any CPU
		{4F97D953-1C56-4C46-A71D-3D586D97240B}.Release|x64.ActiveCfg = Release|Any CPU
		{4F97D953-1C56-4C46-A71D-3D586D97240B}.Release|x64.Build.0 = Release|Any CPU
		{4F97D953-1C56-4C46-A71D-3D586D97240B}.Release|x86.ActiveCfg = Release|Any CPU
		{4F97D953-1C56-4C46-A71D-3D586D97240B}.Release|x86.Build.0 = Release|Any CPU
		{0DB87297-0D05-4E89-BB70-323F753EEB8E}.Ad-Hoc|Any CPU.ActiveCfg = Release|Any CPU
		{0DB87297-0D05-4E89-BB70-323F753EEB8E}.Ad-Hoc|Any CPU.Build.0 = Release|Any CPU
		{0DB87297-0D05-4E89-BB70-323F753EEB8E}.Ad-Hoc|Any CPU.Deploy.0 = Release|Any CPU
		{0DB87297-0D05-4E89-BB70-323F753EEB8E}.Ad-Hoc|ARM.ActiveCfg = Release|Any CPU
		{0DB87297-0D05-4E89-BB70-323F753EEB8E}.Ad-Hoc|ARM.Build.0 = Release|Any CPU
		{0DB87297-0D05-4E89-BB70-323F753EEB8E}.Ad-Hoc|ARM.Deploy.0 = Release|Any CPU
		{0DB87297-0D05-4E89-BB70-323F753EEB8E}.Ad-Hoc|iPhone.ActiveCfg = Release|Any CPU
		{0DB87297-0D05-4E89-BB70-323F753EEB8E}.Ad-Hoc|iPhone.Build.0 = Release|Any CPU
		{0DB87297-0D05-4E89-BB70-323F753EEB8E}.Ad-Hoc|iPhone.Deploy.0 = Release|Any CPU
		{0DB87297-0D05-4E89-BB70-323F753EEB8E}.Ad-Hoc|iPhoneSimulator.ActiveCfg = Release|Any CPU
		{0DB87297-0D05-4E89-BB70-323F753EEB8E}.Ad-Hoc|iPhoneSimulator.Build.0 = Release|Any CPU
		{0DB87297-0D05-4E89-BB70-323F753EEB8E}.Ad-Hoc|iPhoneSimulator.Deploy.0 = Release|Any CPU
		{0DB87297-0D05-4E89-BB70-323F753EEB8E}.Ad-Hoc|x64.ActiveCfg = Release|Any CPU
		{0DB87297-0D05-4E89-BB70-323F753EEB8E}.Ad-Hoc|x64.Build.0 = Release|Any CPU
		{0DB87297-0D05-4E89-BB70-323F753EEB8E}.Ad-Hoc|x64.Deploy.0 = Release|Any CPU
		{0DB87297-0D05-4E89-BB70-323F753EEB8E}.Ad-Hoc|x86.ActiveCfg = Release|Any CPU
		{0DB87297-0D05-4E89-BB70-323F753EEB8E}.Ad-Hoc|x86.Build.0 = Release|Any CPU
		{0DB87297-0D05-4E89-BB70-323F753EEB8E}.Ad-Hoc|x86.Deploy.0 = Release|Any CPU
		{0DB87297-0D05-4E89-BB70-323F753EEB8E}.AppStore|Any CPU.ActiveCfg = Release|Any CPU
		{0DB87297-0D05-4E89-BB70-323F753EEB8E}.AppStore|Any CPU.Build.0 = Release|Any CPU
		{0DB87297-0D05-4E89-BB70-323F753EEB8E}.AppStore|Any CPU.Deploy.0 = Release|Any CPU
		{0DB87297-0D05-4E89-BB70-323F753EEB8E}.AppStore|ARM.ActiveCfg = Release|Any CPU
		{0DB87297-0D05-4E89-BB70-323F753EEB8E}.AppStore|ARM.Build.0 = Release|Any CPU
		{0DB87297-0D05-4E89-BB70-323F753EEB8E}.AppStore|ARM.Deploy.0 = Release|Any CPU
		{0DB87297-0D05-4E89-BB70-323F753EEB8E}.AppStore|iPhone.ActiveCfg = Release|Any CPU
		{0DB87297-0D05-4E89-BB70-323F753EEB8E}.AppStore|iPhone.Build.0 = Release|Any CPU
		{0DB87297-0D05-4E89-BB70-323F753EEB8E}.AppStore|iPhone.Deploy.0 = Release|Any CPU
		{0DB87297-0D05-4E89-BB70-323F753EEB8E}.AppStore|iPhoneSimulator.ActiveCfg = Release|Any CPU
		{0DB87297-0D05-4E89-BB70-323F753EEB8E}.AppStore|iPhoneSimulator.Build.0 = Release|Any CPU
		{0DB87297-0D05-4E89-BB70-323F753EEB8E}.AppStore|iPhoneSimulator.Deploy.0 = Release|Any CPU
		{0DB87297-0D05-4E89-BB70-323F753EEB8E}.AppStore|x64.ActiveCfg = Release|Any CPU
		{0DB87297-0D05-4E89-BB70-323F753EEB8E}.AppStore|x64.Build.0 = Release|Any CPU
		{0DB87297-0D05-4E89-BB70-323F753EEB8E}.AppStore|x64.Deploy.0 = Release|Any CPU
		{0DB87297-0D05-4E89-BB70-323F753EEB8E}.AppStore|x86.ActiveCfg = Release|Any CPU
		{0DB87297-0D05-4E89-BB70-323F753EEB8E}.AppStore|x86.Build.0 = Release|Any CPU
		{0DB87297-0D05-4E89-BB70-323F753EEB8E}.AppStore|x86.Deploy.0 = Release|Any CPU
		{0DB87297-0D05-4E89-BB70-323F753EEB8E}.Debug|Any CPU.ActiveCfg = Debug|Any CPU
		{0DB87297-0D05-4E89-BB70-323F753EEB8E}.Debug|Any CPU.Build.0 = Debug|Any CPU
		{0DB87297-0D05-4E89-BB70-323F753EEB8E}.Debug|Any CPU.Deploy.0 = Debug|Any CPU
		{0DB87297-0D05-4E89-BB70-323F753EEB8E}.Debug|ARM.ActiveCfg = Debug|Any CPU
		{0DB87297-0D05-4E89-BB70-323F753EEB8E}.Debug|ARM.Build.0 = Debug|Any CPU
		{0DB87297-0D05-4E89-BB70-323F753EEB8E}.Debug|ARM.Deploy.0 = Debug|Any CPU
		{0DB87297-0D05-4E89-BB70-323F753EEB8E}.Debug|iPhone.ActiveCfg = Debug|Any CPU
		{0DB87297-0D05-4E89-BB70-323F753EEB8E}.Debug|iPhone.Build.0 = Debug|Any CPU
		{0DB87297-0D05-4E89-BB70-323F753EEB8E}.Debug|iPhone.Deploy.0 = Debug|Any CPU
		{0DB87297-0D05-4E89-BB70-323F753EEB8E}.Debug|iPhoneSimulator.ActiveCfg = Debug|Any CPU
		{0DB87297-0D05-4E89-BB70-323F753EEB8E}.Debug|iPhoneSimulator.Build.0 = Debug|Any CPU
		{0DB87297-0D05-4E89-BB70-323F753EEB8E}.Debug|iPhoneSimulator.Deploy.0 = Debug|Any CPU
		{0DB87297-0D05-4E89-BB70-323F753EEB8E}.Debug|x64.ActiveCfg = Debug|Any CPU
		{0DB87297-0D05-4E89-BB70-323F753EEB8E}.Debug|x64.Build.0 = Debug|Any CPU
		{0DB87297-0D05-4E89-BB70-323F753EEB8E}.Debug|x64.Deploy.0 = Debug|Any CPU
		{0DB87297-0D05-4E89-BB70-323F753EEB8E}.Debug|x86.ActiveCfg = Debug|Any CPU
		{0DB87297-0D05-4E89-BB70-323F753EEB8E}.Debug|x86.Build.0 = Debug|Any CPU
		{0DB87297-0D05-4E89-BB70-323F753EEB8E}.Debug|x86.Deploy.0 = Debug|Any CPU
		{0DB87297-0D05-4E89-BB70-323F753EEB8E}.Release|Any CPU.ActiveCfg = Release|Any CPU
		{0DB87297-0D05-4E89-BB70-323F753EEB8E}.Release|Any CPU.Build.0 = Release|Any CPU
		{0DB87297-0D05-4E89-BB70-323F753EEB8E}.Release|Any CPU.Deploy.0 = Release|Any CPU
		{0DB87297-0D05-4E89-BB70-323F753EEB8E}.Release|ARM.ActiveCfg = Release|Any CPU
		{0DB87297-0D05-4E89-BB70-323F753EEB8E}.Release|ARM.Build.0 = Release|Any CPU
		{0DB87297-0D05-4E89-BB70-323F753EEB8E}.Release|ARM.Deploy.0 = Release|Any CPU
		{0DB87297-0D05-4E89-BB70-323F753EEB8E}.Release|iPhone.ActiveCfg = Release|Any CPU
		{0DB87297-0D05-4E89-BB70-323F753EEB8E}.Release|iPhone.Build.0 = Release|Any CPU
		{0DB87297-0D05-4E89-BB70-323F753EEB8E}.Release|iPhone.Deploy.0 = Release|Any CPU
		{0DB87297-0D05-4E89-BB70-323F753EEB8E}.Release|iPhoneSimulator.ActiveCfg = Release|Any CPU
		{0DB87297-0D05-4E89-BB70-323F753EEB8E}.Release|iPhoneSimulator.Build.0 = Release|Any CPU
		{0DB87297-0D05-4E89-BB70-323F753EEB8E}.Release|iPhoneSimulator.Deploy.0 = Release|Any CPU
		{0DB87297-0D05-4E89-BB70-323F753EEB8E}.Release|x64.ActiveCfg = Release|Any CPU
		{0DB87297-0D05-4E89-BB70-323F753EEB8E}.Release|x64.Build.0 = Release|Any CPU
		{0DB87297-0D05-4E89-BB70-323F753EEB8E}.Release|x64.Deploy.0 = Release|Any CPU
		{0DB87297-0D05-4E89-BB70-323F753EEB8E}.Release|x86.ActiveCfg = Release|Any CPU
		{0DB87297-0D05-4E89-BB70-323F753EEB8E}.Release|x86.Build.0 = Release|Any CPU
		{0DB87297-0D05-4E89-BB70-323F753EEB8E}.Release|x86.Deploy.0 = Release|Any CPU
		{8E48D9AA-DF0C-4B11-946B-1AB12471AB11}.Ad-Hoc|Any CPU.ActiveCfg = Release|x86
		{8E48D9AA-DF0C-4B11-946B-1AB12471AB11}.Ad-Hoc|Any CPU.Build.0 = Release|x86
		{8E48D9AA-DF0C-4B11-946B-1AB12471AB11}.Ad-Hoc|Any CPU.Deploy.0 = Release|x86
		{8E48D9AA-DF0C-4B11-946B-1AB12471AB11}.Ad-Hoc|ARM.ActiveCfg = Release|ARM
		{8E48D9AA-DF0C-4B11-946B-1AB12471AB11}.Ad-Hoc|ARM.Build.0 = Release|ARM
		{8E48D9AA-DF0C-4B11-946B-1AB12471AB11}.Ad-Hoc|ARM.Deploy.0 = Release|ARM
		{8E48D9AA-DF0C-4B11-946B-1AB12471AB11}.Ad-Hoc|iPhone.ActiveCfg = Release|x86
		{8E48D9AA-DF0C-4B11-946B-1AB12471AB11}.Ad-Hoc|iPhone.Build.0 = Release|x86
		{8E48D9AA-DF0C-4B11-946B-1AB12471AB11}.Ad-Hoc|iPhone.Deploy.0 = Release|x86
		{8E48D9AA-DF0C-4B11-946B-1AB12471AB11}.Ad-Hoc|iPhoneSimulator.ActiveCfg = Release|x86
		{8E48D9AA-DF0C-4B11-946B-1AB12471AB11}.Ad-Hoc|iPhoneSimulator.Build.0 = Release|x86
		{8E48D9AA-DF0C-4B11-946B-1AB12471AB11}.Ad-Hoc|iPhoneSimulator.Deploy.0 = Release|x86
		{8E48D9AA-DF0C-4B11-946B-1AB12471AB11}.Ad-Hoc|x64.ActiveCfg = Release|x64
		{8E48D9AA-DF0C-4B11-946B-1AB12471AB11}.Ad-Hoc|x64.Build.0 = Release|x64
		{8E48D9AA-DF0C-4B11-946B-1AB12471AB11}.Ad-Hoc|x64.Deploy.0 = Release|x64
		{8E48D9AA-DF0C-4B11-946B-1AB12471AB11}.Ad-Hoc|x86.ActiveCfg = Release|x86
		{8E48D9AA-DF0C-4B11-946B-1AB12471AB11}.Ad-Hoc|x86.Build.0 = Release|x86
		{8E48D9AA-DF0C-4B11-946B-1AB12471AB11}.Ad-Hoc|x86.Deploy.0 = Release|x86
		{8E48D9AA-DF0C-4B11-946B-1AB12471AB11}.AppStore|Any CPU.ActiveCfg = Release|x86
		{8E48D9AA-DF0C-4B11-946B-1AB12471AB11}.AppStore|Any CPU.Build.0 = Release|x86
		{8E48D9AA-DF0C-4B11-946B-1AB12471AB11}.AppStore|Any CPU.Deploy.0 = Release|x86
		{8E48D9AA-DF0C-4B11-946B-1AB12471AB11}.AppStore|ARM.ActiveCfg = Release|ARM
		{8E48D9AA-DF0C-4B11-946B-1AB12471AB11}.AppStore|ARM.Build.0 = Release|ARM
		{8E48D9AA-DF0C-4B11-946B-1AB12471AB11}.AppStore|ARM.Deploy.0 = Release|ARM
		{8E48D9AA-DF0C-4B11-946B-1AB12471AB11}.AppStore|iPhone.ActiveCfg = Release|x86
		{8E48D9AA-DF0C-4B11-946B-1AB12471AB11}.AppStore|iPhone.Build.0 = Release|x86
		{8E48D9AA-DF0C-4B11-946B-1AB12471AB11}.AppStore|iPhone.Deploy.0 = Release|x86
		{8E48D9AA-DF0C-4B11-946B-1AB12471AB11}.AppStore|iPhoneSimulator.ActiveCfg = Release|x86
		{8E48D9AA-DF0C-4B11-946B-1AB12471AB11}.AppStore|iPhoneSimulator.Build.0 = Release|x86
		{8E48D9AA-DF0C-4B11-946B-1AB12471AB11}.AppStore|iPhoneSimulator.Deploy.0 = Release|x86
		{8E48D9AA-DF0C-4B11-946B-1AB12471AB11}.AppStore|x64.ActiveCfg = Release|x64
		{8E48D9AA-DF0C-4B11-946B-1AB12471AB11}.AppStore|x64.Build.0 = Release|x64
		{8E48D9AA-DF0C-4B11-946B-1AB12471AB11}.AppStore|x64.Deploy.0 = Release|x64
		{8E48D9AA-DF0C-4B11-946B-1AB12471AB11}.AppStore|x86.ActiveCfg = Release|x86
		{8E48D9AA-DF0C-4B11-946B-1AB12471AB11}.AppStore|x86.Build.0 = Release|x86
		{8E48D9AA-DF0C-4B11-946B-1AB12471AB11}.AppStore|x86.Deploy.0 = Release|x86
		{8E48D9AA-DF0C-4B11-946B-1AB12471AB11}.Debug|Any CPU.ActiveCfg = Debug|x86
		{8E48D9AA-DF0C-4B11-946B-1AB12471AB11}.Debug|ARM.ActiveCfg = Debug|ARM
		{8E48D9AA-DF0C-4B11-946B-1AB12471AB11}.Debug|ARM.Build.0 = Debug|ARM
		{8E48D9AA-DF0C-4B11-946B-1AB12471AB11}.Debug|ARM.Deploy.0 = Debug|ARM
		{8E48D9AA-DF0C-4B11-946B-1AB12471AB11}.Debug|iPhone.ActiveCfg = Debug|x86
		{8E48D9AA-DF0C-4B11-946B-1AB12471AB11}.Debug|iPhoneSimulator.ActiveCfg = Debug|x86
		{8E48D9AA-DF0C-4B11-946B-1AB12471AB11}.Debug|x64.ActiveCfg = Debug|x64
		{8E48D9AA-DF0C-4B11-946B-1AB12471AB11}.Debug|x64.Build.0 = Debug|x64
		{8E48D9AA-DF0C-4B11-946B-1AB12471AB11}.Debug|x64.Deploy.0 = Debug|x64
		{8E48D9AA-DF0C-4B11-946B-1AB12471AB11}.Debug|x86.ActiveCfg = Debug|x86
		{8E48D9AA-DF0C-4B11-946B-1AB12471AB11}.Debug|x86.Build.0 = Debug|x86
		{8E48D9AA-DF0C-4B11-946B-1AB12471AB11}.Debug|x86.Deploy.0 = Debug|x86
		{8E48D9AA-DF0C-4B11-946B-1AB12471AB11}.Release|Any CPU.ActiveCfg = Release|x86
		{8E48D9AA-DF0C-4B11-946B-1AB12471AB11}.Release|ARM.ActiveCfg = Release|ARM
		{8E48D9AA-DF0C-4B11-946B-1AB12471AB11}.Release|ARM.Build.0 = Release|ARM
		{8E48D9AA-DF0C-4B11-946B-1AB12471AB11}.Release|ARM.Deploy.0 = Release|ARM
		{8E48D9AA-DF0C-4B11-946B-1AB12471AB11}.Release|iPhone.ActiveCfg = Release|x86
		{8E48D9AA-DF0C-4B11-946B-1AB12471AB11}.Release|iPhoneSimulator.ActiveCfg = Release|x86
		{8E48D9AA-DF0C-4B11-946B-1AB12471AB11}.Release|x64.ActiveCfg = Release|x64
		{8E48D9AA-DF0C-4B11-946B-1AB12471AB11}.Release|x64.Build.0 = Release|x64
		{8E48D9AA-DF0C-4B11-946B-1AB12471AB11}.Release|x64.Deploy.0 = Release|x64
		{8E48D9AA-DF0C-4B11-946B-1AB12471AB11}.Release|x86.ActiveCfg = Release|x86
		{8E48D9AA-DF0C-4B11-946B-1AB12471AB11}.Release|x86.Build.0 = Release|x86
		{8E48D9AA-DF0C-4B11-946B-1AB12471AB11}.Release|x86.Deploy.0 = Release|x86
		{8CBB691F-7078-4420-94D6-D739F95E01AA}.Ad-Hoc|Any CPU.ActiveCfg = Release|Any CPU
		{8CBB691F-7078-4420-94D6-D739F95E01AA}.Ad-Hoc|Any CPU.Build.0 = Release|Any CPU
		{8CBB691F-7078-4420-94D6-D739F95E01AA}.Ad-Hoc|ARM.ActiveCfg = Release|Any CPU
		{8CBB691F-7078-4420-94D6-D739F95E01AA}.Ad-Hoc|ARM.Build.0 = Release|Any CPU
		{8CBB691F-7078-4420-94D6-D739F95E01AA}.Ad-Hoc|iPhone.ActiveCfg = Release|Any CPU
		{8CBB691F-7078-4420-94D6-D739F95E01AA}.Ad-Hoc|iPhone.Build.0 = Release|Any CPU
		{8CBB691F-7078-4420-94D6-D739F95E01AA}.Ad-Hoc|iPhoneSimulator.ActiveCfg = Release|Any CPU
		{8CBB691F-7078-4420-94D6-D739F95E01AA}.Ad-Hoc|iPhoneSimulator.Build.0 = Release|Any CPU
		{8CBB691F-7078-4420-94D6-D739F95E01AA}.Ad-Hoc|x64.ActiveCfg = Release|Any CPU
		{8CBB691F-7078-4420-94D6-D739F95E01AA}.Ad-Hoc|x64.Build.0 = Release|Any CPU
		{8CBB691F-7078-4420-94D6-D739F95E01AA}.Ad-Hoc|x86.ActiveCfg = Release|Any CPU
		{8CBB691F-7078-4420-94D6-D739F95E01AA}.Ad-Hoc|x86.Build.0 = Release|Any CPU
		{8CBB691F-7078-4420-94D6-D739F95E01AA}.AppStore|Any CPU.ActiveCfg = Release|Any CPU
		{8CBB691F-7078-4420-94D6-D739F95E01AA}.AppStore|Any CPU.Build.0 = Release|Any CPU
		{8CBB691F-7078-4420-94D6-D739F95E01AA}.AppStore|ARM.ActiveCfg = Release|Any CPU
		{8CBB691F-7078-4420-94D6-D739F95E01AA}.AppStore|ARM.Build.0 = Release|Any CPU
		{8CBB691F-7078-4420-94D6-D739F95E01AA}.AppStore|iPhone.ActiveCfg = Release|Any CPU
		{8CBB691F-7078-4420-94D6-D739F95E01AA}.AppStore|iPhone.Build.0 = Release|Any CPU
		{8CBB691F-7078-4420-94D6-D739F95E01AA}.AppStore|iPhoneSimulator.ActiveCfg = Release|Any CPU
		{8CBB691F-7078-4420-94D6-D739F95E01AA}.AppStore|iPhoneSimulator.Build.0 = Release|Any CPU
		{8CBB691F-7078-4420-94D6-D739F95E01AA}.AppStore|x64.ActiveCfg = Release|Any CPU
		{8CBB691F-7078-4420-94D6-D739F95E01AA}.AppStore|x64.Build.0 = Release|Any CPU
		{8CBB691F-7078-4420-94D6-D739F95E01AA}.AppStore|x86.ActiveCfg = Release|Any CPU
		{8CBB691F-7078-4420-94D6-D739F95E01AA}.AppStore|x86.Build.0 = Release|Any CPU
		{8CBB691F-7078-4420-94D6-D739F95E01AA}.Debug|Any CPU.ActiveCfg = Debug|Any CPU
		{8CBB691F-7078-4420-94D6-D739F95E01AA}.Debug|Any CPU.Build.0 = Debug|Any CPU
		{8CBB691F-7078-4420-94D6-D739F95E01AA}.Debug|ARM.ActiveCfg = Debug|Any CPU
		{8CBB691F-7078-4420-94D6-D739F95E01AA}.Debug|ARM.Build.0 = Debug|Any CPU
		{8CBB691F-7078-4420-94D6-D739F95E01AA}.Debug|iPhone.ActiveCfg = Debug|Any CPU
		{8CBB691F-7078-4420-94D6-D739F95E01AA}.Debug|iPhone.Build.0 = Debug|Any CPU
		{8CBB691F-7078-4420-94D6-D739F95E01AA}.Debug|iPhoneSimulator.ActiveCfg = Debug|Any CPU
		{8CBB691F-7078-4420-94D6-D739F95E01AA}.Debug|iPhoneSimulator.Build.0 = Debug|Any CPU
		{8CBB691F-7078-4420-94D6-D739F95E01AA}.Debug|x64.ActiveCfg = Debug|Any CPU
		{8CBB691F-7078-4420-94D6-D739F95E01AA}.Debug|x64.Build.0 = Debug|Any CPU
		{8CBB691F-7078-4420-94D6-D739F95E01AA}.Debug|x86.ActiveCfg = Debug|Any CPU
		{8CBB691F-7078-4420-94D6-D739F95E01AA}.Debug|x86.Build.0 = Debug|Any CPU
		{8CBB691F-7078-4420-94D6-D739F95E01AA}.Release|Any CPU.ActiveCfg = Release|Any CPU
		{8CBB691F-7078-4420-94D6-D739F95E01AA}.Release|Any CPU.Build.0 = Release|Any CPU
		{8CBB691F-7078-4420-94D6-D739F95E01AA}.Release|ARM.ActiveCfg = Release|Any CPU
		{8CBB691F-7078-4420-94D6-D739F95E01AA}.Release|ARM.Build.0 = Release|Any CPU
		{8CBB691F-7078-4420-94D6-D739F95E01AA}.Release|iPhone.ActiveCfg = Release|Any CPU
		{8CBB691F-7078-4420-94D6-D739F95E01AA}.Release|iPhone.Build.0 = Release|Any CPU
		{8CBB691F-7078-4420-94D6-D739F95E01AA}.Release|iPhoneSimulator.ActiveCfg = Release|Any CPU
		{8CBB691F-7078-4420-94D6-D739F95E01AA}.Release|iPhoneSimulator.Build.0 = Release|Any CPU
		{8CBB691F-7078-4420-94D6-D739F95E01AA}.Release|x64.ActiveCfg = Release|Any CPU
		{8CBB691F-7078-4420-94D6-D739F95E01AA}.Release|x64.Build.0 = Release|Any CPU
		{8CBB691F-7078-4420-94D6-D739F95E01AA}.Release|x86.ActiveCfg = Release|Any CPU
		{8CBB691F-7078-4420-94D6-D739F95E01AA}.Release|x86.Build.0 = Release|Any CPU
		{9FF98CBC-7C4B-4F79-805E-84889D3DFAFA}.Ad-Hoc|Any CPU.ActiveCfg = Ad-Hoc|iPhone
		{9FF98CBC-7C4B-4F79-805E-84889D3DFAFA}.Ad-Hoc|ARM.ActiveCfg = Ad-Hoc|iPhone
		{9FF98CBC-7C4B-4F79-805E-84889D3DFAFA}.Ad-Hoc|iPhone.ActiveCfg = Ad-Hoc|iPhone
		{9FF98CBC-7C4B-4F79-805E-84889D3DFAFA}.Ad-Hoc|iPhone.Build.0 = Ad-Hoc|iPhone
		{9FF98CBC-7C4B-4F79-805E-84889D3DFAFA}.Ad-Hoc|iPhoneSimulator.ActiveCfg = Ad-Hoc|iPhoneSimulator
		{9FF98CBC-7C4B-4F79-805E-84889D3DFAFA}.Ad-Hoc|iPhoneSimulator.Build.0 = Ad-Hoc|iPhoneSimulator
		{9FF98CBC-7C4B-4F79-805E-84889D3DFAFA}.Ad-Hoc|x64.ActiveCfg = Ad-Hoc|iPhone
		{9FF98CBC-7C4B-4F79-805E-84889D3DFAFA}.Ad-Hoc|x86.ActiveCfg = Ad-Hoc|iPhone
		{9FF98CBC-7C4B-4F79-805E-84889D3DFAFA}.AppStore|Any CPU.ActiveCfg = AppStore|iPhone
		{9FF98CBC-7C4B-4F79-805E-84889D3DFAFA}.AppStore|ARM.ActiveCfg = AppStore|iPhone
		{9FF98CBC-7C4B-4F79-805E-84889D3DFAFA}.AppStore|iPhone.ActiveCfg = AppStore|iPhone
		{9FF98CBC-7C4B-4F79-805E-84889D3DFAFA}.AppStore|iPhone.Build.0 = AppStore|iPhone
		{9FF98CBC-7C4B-4F79-805E-84889D3DFAFA}.AppStore|iPhoneSimulator.ActiveCfg = AppStore|iPhoneSimulator
		{9FF98CBC-7C4B-4F79-805E-84889D3DFAFA}.AppStore|iPhoneSimulator.Build.0 = AppStore|iPhoneSimulator
		{9FF98CBC-7C4B-4F79-805E-84889D3DFAFA}.AppStore|x64.ActiveCfg = AppStore|iPhone
		{9FF98CBC-7C4B-4F79-805E-84889D3DFAFA}.AppStore|x86.ActiveCfg = AppStore|iPhone
		{9FF98CBC-7C4B-4F79-805E-84889D3DFAFA}.Debug|Any CPU.ActiveCfg = Debug|iPhone
		{9FF98CBC-7C4B-4F79-805E-84889D3DFAFA}.Debug|ARM.ActiveCfg = Debug|iPhone
		{9FF98CBC-7C4B-4F79-805E-84889D3DFAFA}.Debug|iPhone.ActiveCfg = Debug|iPhone
		{9FF98CBC-7C4B-4F79-805E-84889D3DFAFA}.Debug|iPhone.Build.0 = Debug|iPhone
		{9FF98CBC-7C4B-4F79-805E-84889D3DFAFA}.Debug|iPhoneSimulator.ActiveCfg = Debug|iPhoneSimulator
		{9FF98CBC-7C4B-4F79-805E-84889D3DFAFA}.Debug|iPhoneSimulator.Build.0 = Debug|iPhoneSimulator
		{9FF98CBC-7C4B-4F79-805E-84889D3DFAFA}.Debug|x64.ActiveCfg = Debug|iPhone
		{9FF98CBC-7C4B-4F79-805E-84889D3DFAFA}.Debug|x86.ActiveCfg = Debug|iPhone
		{9FF98CBC-7C4B-4F79-805E-84889D3DFAFA}.Release|Any CPU.ActiveCfg = Release|iPhone
		{9FF98CBC-7C4B-4F79-805E-84889D3DFAFA}.Release|ARM.ActiveCfg = Release|iPhone
		{9FF98CBC-7C4B-4F79-805E-84889D3DFAFA}.Release|iPhone.ActiveCfg = Release|iPhone
		{9FF98CBC-7C4B-4F79-805E-84889D3DFAFA}.Release|iPhone.Build.0 = Release|iPhone
		{9FF98CBC-7C4B-4F79-805E-84889D3DFAFA}.Release|iPhoneSimulator.ActiveCfg = Release|iPhoneSimulator
		{9FF98CBC-7C4B-4F79-805E-84889D3DFAFA}.Release|iPhoneSimulator.Build.0 = Release|iPhoneSimulator
		{9FF98CBC-7C4B-4F79-805E-84889D3DFAFA}.Release|x64.ActiveCfg = Release|iPhone
		{9FF98CBC-7C4B-4F79-805E-84889D3DFAFA}.Release|x86.ActiveCfg = Release|iPhone
	EndGlobalSection
	GlobalSection(SolutionProperties) = preSolution
		HideSolutionNode = FALSE
	EndGlobalSection
	GlobalSection(ExtensibilityGlobals) = postSolution
		SolutionGuid = {645DEA4D-F946-429D-9555-2A2979520A8E}
	EndGlobalSection
EndGlobal
